// !$*UTF8*$!
{
	archiveVersion = 1;
	classes = {
	};
	objectVersion = 55;
	objects = {

/* Begin PBXBuildFile section */
		3398B2621C675A93EDE82C5E /* Pods_heroes.framework in Frameworks */ = {isa = PBXBuildFile; fileRef = 38883BD6AAC0E461B636F03B /* Pods_heroes.framework */; };
		B13A3E9728D9B97B00FCB046 /* heroesApp.swift in Sources */ = {isa = PBXBuildFile; fileRef = B13A3E9628D9B97B00FCB046 /* heroesApp.swift */; };
		B13A3E9928D9B97B00FCB046 /* ContentView.swift in Sources */ = {isa = PBXBuildFile; fileRef = B13A3E9828D9B97B00FCB046 /* ContentView.swift */; };
		B13A3E9B28D9B97E00FCB046 /* Assets.xcassets in Resources */ = {isa = PBXBuildFile; fileRef = B13A3E9A28D9B97E00FCB046 /* Assets.xcassets */; };
		B13A3E9E28D9B97E00FCB046 /* Preview Assets.xcassets in Resources */ = {isa = PBXBuildFile; fileRef = B13A3E9D28D9B97E00FCB046 /* Preview Assets.xcassets */; };
		B13A3EA628D9B9D400FCB046 /* HeroesModel.swift in Sources */ = {isa = PBXBuildFile; fileRef = B13A3EA528D9B9D400FCB046 /* HeroesModel.swift */; };
		B13A3EA928D9BB7A00FCB046 /* HeroViewModel.swift in Sources */ = {isa = PBXBuildFile; fileRef = B13A3EA828D9BB7A00FCB046 /* HeroViewModel.swift */; };
		B13A3EAC28D9BBF700FCB046 /* HeroesService.swift in Sources */ = {isa = PBXBuildFile; fileRef = B13A3EAB28D9BBF700FCB046 /* HeroesService.swift */; };
		B13A3EAE28D9C05600FCB046 /* HeroesViewModel.swift in Sources */ = {isa = PBXBuildFile; fileRef = B13A3EAD28D9C05600FCB046 /* HeroesViewModel.swift */; };
		B13A3EB028D9C14F00FCB046 /* Images.swift in Sources */ = {isa = PBXBuildFile; fileRef = B13A3EAF28D9C14F00FCB046 /* Images.swift */; };
		B13A3EB328D9C21800FCB046 /* HeroesView.swift in Sources */ = {isa = PBXBuildFile; fileRef = B13A3EB228D9C21800FCB046 /* HeroesView.swift */; };
		B13A3EB528D9C2A900FCB046 /* HeroView.swift in Sources */ = {isa = PBXBuildFile; fileRef = B13A3EB428D9C2A900FCB046 /* HeroView.swift */; };
		B13A3EB828D9C35800FCB046 /* Image.swift in Sources */ = {isa = PBXBuildFile; fileRef = B13A3EB728D9C35800FCB046 /* Image.swift */; };
		B13A3EBA28D9D34B00FCB046 /* Powerstats.swift in Sources */ = {isa = PBXBuildFile; fileRef = B13A3EB928D9D34B00FCB046 /* Powerstats.swift */; };
/* End PBXBuildFile section */

/* Begin PBXFileReference section */
		38883BD6AAC0E461B636F03B /* Pods_heroes.framework */ = {isa = PBXFileReference; explicitFileType = wrapper.framework; includeInIndex = 0; path = Pods_heroes.framework; sourceTree = BUILT_PRODUCTS_DIR; };
		892A7810911A4059ED233F92 /* Pods-heroes.debug.xcconfig */ = {isa = PBXFileReference; includeInIndex = 1; lastKnownFileType = text.xcconfig; name = "Pods-heroes.debug.xcconfig"; path = "Target Support Files/Pods-heroes/Pods-heroes.debug.xcconfig"; sourceTree = "<group>"; };
		B13A3E9328D9B97B00FCB046 /* heroes.app */ = {isa = PBXFileReference; explicitFileType = wrapper.application; includeInIndex = 0; path = heroes.app; sourceTree = BUILT_PRODUCTS_DIR; };
		B13A3E9628D9B97B00FCB046 /* heroesApp.swift */ = {isa = PBXFileReference; lastKnownFileType = sourcecode.swift; path = heroesApp.swift; sourceTree = "<group>"; };
		B13A3E9828D9B97B00FCB046 /* ContentView.swift */ = {isa = PBXFileReference; lastKnownFileType = sourcecode.swift; path = ContentView.swift; sourceTree = "<group>"; };
		B13A3E9A28D9B97E00FCB046 /* Assets.xcassets */ = {isa = PBXFileReference; lastKnownFileType = folder.assetcatalog; path = Assets.xcassets; sourceTree = "<group>"; };
		B13A3E9D28D9B97E00FCB046 /* Preview Assets.xcassets */ = {isa = PBXFileReference; lastKnownFileType = folder.assetcatalog; path = "Preview Assets.xcassets"; sourceTree = "<group>"; };
		B13A3EA528D9B9D400FCB046 /* HeroesModel.swift */ = {isa = PBXFileReference; lastKnownFileType = sourcecode.swift; path = HeroesModel.swift; sourceTree = "<group>"; };
		B13A3EA828D9BB7A00FCB046 /* HeroViewModel.swift */ = {isa = PBXFileReference; lastKnownFileType = sourcecode.swift; path = HeroViewModel.swift; sourceTree = "<group>"; };
		B13A3EAB28D9BBF700FCB046 /* HeroesService.swift */ = {isa = PBXFileReference; lastKnownFileType = sourcecode.swift; path = HeroesService.swift; sourceTree = "<group>"; };
		B13A3EAD28D9C05600FCB046 /* HeroesViewModel.swift */ = {isa = PBXFileReference; lastKnownFileType = sourcecode.swift; path = HeroesViewModel.swift; sourceTree = "<group>"; };
		B13A3EAF28D9C14F00FCB046 /* Images.swift */ = {isa = PBXFileReference; lastKnownFileType = sourcecode.swift; path = Images.swift; sourceTree = "<group>"; };
		B13A3EB228D9C21800FCB046 /* HeroesView.swift */ = {isa = PBXFileReference; lastKnownFileType = sourcecode.swift; path = HeroesView.swift; sourceTree = "<group>"; };
		B13A3EB428D9C2A900FCB046 /* HeroView.swift */ = {isa = PBXFileReference; lastKnownFileType = sourcecode.swift; path = HeroView.swift; sourceTree = "<group>"; };
		B13A3EB728D9C35800FCB046 /* Image.swift */ = {isa = PBXFileReference; lastKnownFileType = sourcecode.swift; path = Image.swift; sourceTree = "<group>"; };
		B13A3EB928D9D34B00FCB046 /* Powerstats.swift */ = {isa = PBXFileReference; lastKnownFileType = sourcecode.swift; path = Powerstats.swift; sourceTree = "<group>"; };
		B6660909F616F927099DB130 /* Pods-heroes.release.xcconfig */ = {isa = PBXFileReference; includeInIndex = 1; lastKnownFileType = text.xcconfig; name = "Pods-heroes.release.xcconfig"; path = "Target Support Files/Pods-heroes/Pods-heroes.release.xcconfig"; sourceTree = "<group>"; };
/* End PBXFileReference section */

/* Begin PBXFrameworksBuildPhase section */
		B13A3E9028D9B97B00FCB046 /* Frameworks */ = {
			isa = PBXFrameworksBuildPhase;
			buildActionMask = 2147483647;
			files = (
				3398B2621C675A93EDE82C5E /* Pods_heroes.framework in Frameworks */,
			);
			runOnlyForDeploymentPostprocessing = 0;
		};
/* End PBXFrameworksBuildPhase section */

/* Begin PBXGroup section */
		AE18BF360963A5C471D74203 /* Frameworks */ = {
			isa = PBXGroup;
			children = (
				38883BD6AAC0E461B636F03B /* Pods_heroes.framework */,
			);
			name = Frameworks;
			sourceTree = "<group>";
		};
		B13A3E8A28D9B97B00FCB046 = {
			isa = PBXGroup;
			children = (
				B13A3E9528D9B97B00FCB046 /* heroes */,
				B13A3E9428D9B97B00FCB046 /* Products */,
				BB7E952A48953E7729CCE447 /* Pods */,
				AE18BF360963A5C471D74203 /* Frameworks */,
			);
			sourceTree = "<group>";
		};
		B13A3E9428D9B97B00FCB046 /* Products */ = {
			isa = PBXGroup;
			children = (
				B13A3E9328D9B97B00FCB046 /* heroes.app */,
			);
			name = Products;
			sourceTree = "<group>";
		};
		B13A3E9528D9B97B00FCB046 /* heroes */ = {
			isa = PBXGroup;
			children = (
				B13A3EB128D9C1F200FCB046 /* View */,
				B13A3EAA28D9BBCD00FCB046 /* Service */,
				B13A3EA728D9BB6D00FCB046 /* ViewModel */,
				B13A3EA428D9B9B900FCB046 /* Model */,
				B13A3E9628D9B97B00FCB046 /* heroesApp.swift */,
				B13A3E9828D9B97B00FCB046 /* ContentView.swift */,
				B13A3E9A28D9B97E00FCB046 /* Assets.xcassets */,
				B13A3E9C28D9B97E00FCB046 /* Preview Content */,
			);
			path = heroes;
			sourceTree = "<group>";
		};
		B13A3E9C28D9B97E00FCB046 /* Preview Content */ = {
			isa = PBXGroup;
			children = (
				B13A3E9D28D9B97E00FCB046 /* Preview Assets.xcassets */,
			);
			path = "Preview Content";
			sourceTree = "<group>";
		};
		B13A3EA428D9B9B900FCB046 /* Model */ = {
			isa = PBXGroup;
			children = (
				B13A3EA528D9B9D400FCB046 /* HeroesModel.swift */,
				B13A3EAF28D9C14F00FCB046 /* Images.swift */,
				B13A3EB928D9D34B00FCB046 /* Powerstats.swift */,
			);
			path = Model;
			sourceTree = "<group>";
		};
		B13A3EA728D9BB6D00FCB046 /* ViewModel */ = {
			isa = PBXGroup;
			children = (
				B13A3EA828D9BB7A00FCB046 /* HeroViewModel.swift */,
				B13A3EAD28D9C05600FCB046 /* HeroesViewModel.swift */,
			);
			path = ViewModel;
			sourceTree = "<group>";
		};
		B13A3EAA28D9BBCD00FCB046 /* Service */ = {
			isa = PBXGroup;
			children = (
				B13A3EAB28D9BBF700FCB046 /* HeroesService.swift */,
			);
			path = Service;
			sourceTree = "<group>";
		};
		B13A3EB128D9C1F200FCB046 /* View */ = {
			isa = PBXGroup;
			children = (
				B13A3EB628D9C33E00FCB046 /* components */,
				B13A3EB228D9C21800FCB046 /* HeroesView.swift */,
				B13A3EB428D9C2A900FCB046 /* HeroView.swift */,
			);
			path = View;
			sourceTree = "<group>";
		};
		B13A3EB628D9C33E00FCB046 /* components */ = {
			isa = PBXGroup;
			children = (
				B13A3EB728D9C35800FCB046 /* Image.swift */,
			);
			path = components;
			sourceTree = "<group>";
		};
		BB7E952A48953E7729CCE447 /* Pods */ = {
			isa = PBXGroup;
			children = (
				892A7810911A4059ED233F92 /* Pods-heroes.debug.xcconfig */,
				B6660909F616F927099DB130 /* Pods-heroes.release.xcconfig */,
			);
			path = Pods;
			sourceTree = "<group>";
		};
/* End PBXGroup section */

/* Begin PBXNativeTarget section */
		B13A3E9228D9B97B00FCB046 /* heroes */ = {
			isa = PBXNativeTarget;
			buildConfigurationList = B13A3EA128D9B97E00FCB046 /* Build configuration list for PBXNativeTarget "heroes" */;
			buildPhases = (
				8A210FF4DFE4B9CFE86E9779 /* [CP] Check Pods Manifest.lock */,
				B13A3E8F28D9B97B00FCB046 /* Sources */,
				B13A3E9028D9B97B00FCB046 /* Frameworks */,
				B13A3E9128D9B97B00FCB046 /* Resources */,
				3B41CB956932D1D25447A6EB /* [CP] Embed Pods Frameworks */,
			);
			buildRules = (
			);
			dependencies = (
			);
			name = heroes;
			productName = heroes;
			productReference = B13A3E9328D9B97B00FCB046 /* heroes.app */;
			productType = "com.apple.product-type.application";
		};
/* End PBXNativeTarget section */

/* Begin PBXProject section */
		B13A3E8B28D9B97B00FCB046 /* Project object */ = {
			isa = PBXProject;
			attributes = {
				BuildIndependentTargetsInParallel = 1;
				LastSwiftUpdateCheck = 1340;
				LastUpgradeCheck = 1340;
				TargetAttributes = {
					B13A3E9228D9B97B00FCB046 = {
						CreatedOnToolsVersion = 13.4.1;
					};
				};
			};
			buildConfigurationList = B13A3E8E28D9B97B00FCB046 /* Build configuration list for PBXProject "heroes" */;
			compatibilityVersion = "Xcode 13.0";
			developmentRegion = en;
			hasScannedForEncodings = 0;
			knownRegions = (
				en,
				Base,
			);
			mainGroup = B13A3E8A28D9B97B00FCB046;
			productRefGroup = B13A3E9428D9B97B00FCB046 /* Products */;
			projectDirPath = "";
			projectRoot = "";
			targets = (
				B13A3E9228D9B97B00FCB046 /* heroes */,
			);
		};
/* End PBXProject section */

/* Begin PBXResourcesBuildPhase section */
		B13A3E9128D9B97B00FCB046 /* Resources */ = {
			isa = PBXResourcesBuildPhase;
			buildActionMask = 2147483647;
			files = (
				B13A3E9E28D9B97E00FCB046 /* Preview Assets.xcassets in Resources */,
				B13A3E9B28D9B97E00FCB046 /* Assets.xcassets in Resources */,
			);
			runOnlyForDeploymentPostprocessing = 0;
		};
/* End PBXResourcesBuildPhase section */

/* Begin PBXShellScriptBuildPhase section */
		3B41CB956932D1D25447A6EB /* [CP] Embed Pods Frameworks */ = {
			isa = PBXShellScriptBuildPhase;
			buildActionMask = 2147483647;
			files = (
			);
			inputFileListPaths = (
				"${PODS_ROOT}/Target Support Files/Pods-heroes/Pods-heroes-frameworks-${CONFIGURATION}-input-files.xcfilelist",
			);
			name = "[CP] Embed Pods Frameworks";
			outputFileListPaths = (
				"${PODS_ROOT}/Target Support Files/Pods-heroes/Pods-heroes-frameworks-${CONFIGURATION}-output-files.xcfilelist",
			);
			runOnlyForDeploymentPostprocessing = 0;
			shellPath = /bin/sh;
			shellScript = "\"${PODS_ROOT}/Target Support Files/Pods-heroes/Pods-heroes-frameworks.sh\"\n";
			showEnvVarsInLog = 0;
		};
		8A210FF4DFE4B9CFE86E9779 /* [CP] Check Pods Manifest.lock */ = {
			isa = PBXShellScriptBuildPhase;
			buildActionMask = 2147483647;
			files = (
			);
			inputFileListPaths = (
			);
			inputPaths = (
				"${PODS_PODFILE_DIR_PATH}/Podfile.lock",
				"${PODS_ROOT}/Manifest.lock",
			);
			name = "[CP] Check Pods Manifest.lock";
			outputFileListPaths = (
			);
			outputPaths = (
				"$(DERIVED_FILE_DIR)/Pods-heroes-checkManifestLockResult.txt",
			);
			runOnlyForDeploymentPostprocessing = 0;
			shellPath = /bin/sh;
			shellScript = "diff \"${PODS_PODFILE_DIR_PATH}/Podfile.lock\" \"${PODS_ROOT}/Manifest.lock\" > /dev/null\nif [ $? != 0 ] ; then\n    # print error to STDERR\n    echo \"error: The sandbox is not in sync with the Podfile.lock. Run 'pod install' or update your CocoaPods installation.\" >&2\n    exit 1\nfi\n# This output is used by Xcode 'outputs' to avoid re-running this script phase.\necho \"SUCCESS\" > \"${SCRIPT_OUTPUT_FILE_0}\"\n";
			showEnvVarsInLog = 0;
		};
/* End PBXShellScriptBuildPhase section */

/* Begin PBXSourcesBuildPhase section */
		B13A3E8F28D9B97B00FCB046 /* Sources */ = {
			isa = PBXSourcesBuildPhase;
			buildActionMask = 2147483647;
			files = (
				B13A3EB028D9C14F00FCB046 /* Images.swift in Sources */,
				B13A3E9928D9B97B00FCB046 /* ContentView.swift in Sources */,
				B13A3EB528D9C2A900FCB046 /* HeroView.swift in Sources */,
				B13A3EBA28D9D34B00FCB046 /* Powerstats.swift in Sources */,
				B13A3EA628D9B9D400FCB046 /* HeroesModel.swift in Sources */,
				B13A3EA928D9BB7A00FCB046 /* HeroViewModel.swift in Sources */,
				B13A3EB328D9C21800FCB046 /* HeroesView.swift in Sources */,
				B13A3EAC28D9BBF700FCB046 /* HeroesService.swift in Sources */,
				B13A3EAE28D9C05600FCB046 /* HeroesViewModel.swift in Sources */,
				B13A3E9728D9B97B00FCB046 /* heroesApp.swift in Sources */,
				B13A3EB828D9C35800FCB046 /* Image.swift in Sources */,
			);
			runOnlyForDeploymentPostprocessing = 0;
		};
/* End PBXSourcesBuildPhase section */

/* Begin XCBuildConfiguration section */
		B13A3E9F28D9B97E00FCB046 /* Debug */ = {
			isa = XCBuildConfiguration;
			buildSettings = {
				ALWAYS_SEARCH_USER_PATHS = NO;
				CLANG_ANALYZER_NONNULL = YES;
				CLANG_ANALYZER_NUMBER_OBJECT_CONVERSION = YES_AGGRESSIVE;
				CLANG_CXX_LANGUAGE_STANDARD = "gnu++17";
				CLANG_ENABLE_MODULES = YES;
				CLANG_ENABLE_OBJC_ARC = YES;
				CLANG_ENABLE_OBJC_WEAK = YES;
				CLANG_WARN_BLOCK_CAPTURE_AUTORELEASING = YES;
				CLANG_WARN_BOOL_CONVERSION = YES;
				CLANG_WARN_COMMA = YES;
				CLANG_WARN_CONSTANT_CONVERSION = YES;
				CLANG_WARN_DEPRECATED_OBJC_IMPLEMENTATIONS = YES;
				CLANG_WARN_DIRECT_OBJC_ISA_USAGE = YES_ERROR;
				CLANG_WARN_DOCUMENTATION_COMMENTS = YES;
				CLANG_WARN_EMPTY_BODY = YES;
				CLANG_WARN_ENUM_CONVERSION = YES;
				CLANG_WARN_INFINITE_RECURSION = YES;
				CLANG_WARN_INT_CONVERSION = YES;
				CLANG_WARN_NON_LITERAL_NULL_CONVERSION = YES;
				CLANG_WARN_OBJC_IMPLICIT_RETAIN_SELF = YES;
				CLANG_WARN_OBJC_LITERAL_CONVERSION = YES;
				CLANG_WARN_OBJC_ROOT_CLASS = YES_ERROR;
				CLANG_WARN_QUOTED_INCLUDE_IN_FRAMEWORK_HEADER = YES;
				CLANG_WARN_RANGE_LOOP_ANALYSIS = YES;
				CLANG_WARN_STRICT_PROTOTYPES = YES;
				CLANG_WARN_SUSPICIOUS_MOVE = YES;
				CLANG_WARN_UNGUARDED_AVAILABILITY = YES_AGGRESSIVE;
				CLANG_WARN_UNREACHABLE_CODE = YES;
				CLANG_WARN__DUPLICATE_METHOD_MATCH = YES;
				COPY_PHASE_STRIP = NO;
				DEBUG_INFORMATION_FORMAT = dwarf;
				ENABLE_STRICT_OBJC_MSGSEND = YES;
				ENABLE_TESTABILITY = YES;
				GCC_C_LANGUAGE_STANDARD = gnu11;
				GCC_DYNAMIC_NO_PIC = NO;
				GCC_NO_COMMON_BLOCKS = YES;
				GCC_OPTIMIZATION_LEVEL = 0;
				GCC_PREPROCESSOR_DEFINITIONS = (
					"DEBUG=1",
					"$(inherited)",
				);
				GCC_WARN_64_TO_32_BIT_CONVERSION = YES;
				GCC_WARN_ABOUT_RETURN_TYPE = YES_ERROR;
				GCC_WARN_UNDECLARED_SELECTOR = YES;
				GCC_WARN_UNINITIALIZED_AUTOS = YES_AGGRESSIVE;
				GCC_WARN_UNUSED_FUNCTION = YES;
				GCC_WARN_UNUSED_VARIABLE = YES;
				IPHONEOS_DEPLOYMENT_TARGET = 15.5;
				MTL_ENABLE_DEBUG_INFO = INCLUDE_SOURCE;
				MTL_FAST_MATH = YES;
				ONLY_ACTIVE_ARCH = YES;
				SDKROOT = iphoneos;
				SWIFT_ACTIVE_COMPILATION_CONDITIONS = DEBUG;
				SWIFT_OPTIMIZATION_LEVEL = "-Onone";
			};
			name = Debug;
		};
		B13A3EA028D9B97E00FCB046 /* Release */ = {
			isa = XCBuildConfiguration;
			buildSettings = {
				ALWAYS_SEARCH_USER_PATHS = NO;
				CLANG_ANALYZER_NONNULL = YES;
				CLANG_ANALYZER_NUMBER_OBJECT_CONVERSION = YES_AGGRESSIVE;
				CLANG_CXX_LANGUAGE_STANDARD = "gnu++17";
				CLANG_ENABLE_MODULES = YES;
				CLANG_ENABLE_OBJC_ARC = YES;
				CLANG_ENABLE_OBJC_WEAK = YES;
				CLANG_WARN_BLOCK_CAPTURE_AUTORELEASING = YES;
				CLANG_WARN_BOOL_CONVERSION = YES;
				CLANG_WARN_COMMA = YES;
				CLANG_WARN_CONSTANT_CONVERSION = YES;
				CLANG_WARN_DEPRECATED_OBJC_IMPLEMENTATIONS = YES;
				CLANG_WARN_DIRECT_OBJC_ISA_USAGE = YES_ERROR;
				CLANG_WARN_DOCUMENTATION_COMMENTS = YES;
				CLANG_WARN_EMPTY_BODY = YES;
				CLANG_WARN_ENUM_CONVERSION = YES;
				CLANG_WARN_INFINITE_RECURSION = YES;
				CLANG_WARN_INT_CONVERSION = YES;
				CLANG_WARN_NON_LITERAL_NULL_CONVERSION = YES;
				CLANG_WARN_OBJC_IMPLICIT_RETAIN_SELF = YES;
				CLANG_WARN_OBJC_LITERAL_CONVERSION = YES;
				CLANG_WARN_OBJC_ROOT_CLASS = YES_ERROR;
				CLANG_WARN_QUOTED_INCLUDE_IN_FRAMEWORK_HEADER = YES;
				CLANG_WARN_RANGE_LOOP_ANALYSIS = YES;
				CLANG_WARN_STRICT_PROTOTYPES = YES;
				CLANG_WARN_SUSPICIOUS_MOVE = YES;
				CLANG_WARN_UNGUARDED_AVAILABILITY = YES_AGGRESSIVE;
				CLANG_WARN_UNREACHABLE_CODE = YES;
				CLANG_WARN__DUPLICATE_METHOD_MATCH = YES;
				COPY_PHASE_STRIP = NO;
				DEBUG_INFORMATION_FORMAT = "dwarf-with-dsym";
				ENABLE_NS_ASSERTIONS = NO;
				ENABLE_STRICT_OBJC_MSGSEND = YES;
				GCC_C_LANGUAGE_STANDARD = gnu11;
				GCC_NO_COMMON_BLOCKS = YES;
				GCC_WARN_64_TO_32_BIT_CONVERSION = YES;
				GCC_WARN_ABOUT_RETURN_TYPE = YES_ERROR;
				GCC_WARN_UNDECLARED_SELECTOR = YES;
				GCC_WARN_UNINITIALIZED_AUTOS = YES_AGGRESSIVE;
				GCC_WARN_UNUSED_FUNCTION = YES;
				GCC_WARN_UNUSED_VARIABLE = YES;
				IPHONEOS_DEPLOYMENT_TARGET = 15.5;
				MTL_ENABLE_DEBUG_INFO = NO;
				MTL_FAST_MATH = YES;
				SDKROOT = iphoneos;
				SWIFT_COMPILATION_MODE = wholemodule;
				SWIFT_OPTIMIZATION_LEVEL = "-O";
				VALIDATE_PRODUCT = YES;
			};
			name = Release;
		};
		B13A3EA228D9B97E00FCB046 /* Debug */ = {
			isa = XCBuildConfiguration;
			baseConfigurationReference = 892A7810911A4059ED233F92 /* Pods-heroes.debug.xcconfig */;
			buildSettings = {
				ASSETCATALOG_COMPILER_APPICON_NAME = AppIcon;
				ASSETCATALOG_COMPILER_GLOBAL_ACCENT_COLOR_NAME = AccentColor;
				CODE_SIGN_STYLE = Automatic;
				CURRENT_PROJECT_VERSION = 1;
				DEVELOPMENT_ASSET_PATHS = "\"heroes/Preview Content\"";
				DEVELOPMENT_TEAM = V276562TMX;
				ENABLE_PREVIEWS = YES;
				GENERATE_INFOPLIST_FILE = YES;
				INFOPLIST_KEY_UIApplicationSceneManifest_Generation = YES;
				INFOPLIST_KEY_UIApplicationSupportsIndirectInputEvents = YES;
				INFOPLIST_KEY_UILaunchScreen_Generation = YES;
				INFOPLIST_KEY_UISupportedInterfaceOrientations_iPad = "UIInterfaceOrientationPortrait UIInterfaceOrientationPortraitUpsideDown UIInterfaceOrientationLandscapeLeft UIInterfaceOrientationLandscapeRight";
				INFOPLIST_KEY_UISupportedInterfaceOrientations_iPhone = "UIInterfaceOrientationPortrait UIInterfaceOrientationLandscapeLeft UIInterfaceOrientationLandscapeRight";
				LD_RUNPATH_SEARCH_PATHS = (
					"$(inherited)",
					"@executable_path/Frameworks",
				);
				MARKETING_VERSION = 1.0;
				PRODUCT_BUNDLE_IDENTIFIER = com.iwasyourtomb.heroes;
				PRODUCT_NAME = "$(TARGET_NAME)";
				SWIFT_EMIT_LOC_STRINGS = YES;
				SWIFT_VERSION = 5.0;
				TARGETED_DEVICE_FAMILY = "1,2";
			};
			name = Debug;
		};
		B13A3EA328D9B97E00FCB046 /* Release */ = {
			isa = XCBuildConfiguration;
			baseConfigurationReference = B6660909F616F927099DB130 /* Pods-heroes.release.xcconfig */;
			buildSettings = {
				ASSETCATALOG_COMPILER_APPICON_NAME = AppIcon;
				ASSETCATALOG_COMPILER_GLOBAL_ACCENT_COLOR_NAME = AccentColor;
				CODE_SIGN_STYLE = Automatic;
				CURRENT_PROJECT_VERSION = 1;
				DEVELOPMENT_ASSET_PATHS = "\"heroes/Preview Content\"";
				DEVELOPMENT_TEAM = V276562TMX;
				ENABLE_PREVIEWS = YES;
				GENERATE_INFOPLIST_FILE = YES;
				INFOPLIST_KEY_UIApplicationSceneManifest_Generation = YES;
				INFOPLIST_KEY_UIApplicationSupportsIndirectInputEvents = YES;
				INFOPLIST_KEY_UILaunchScreen_Generation = YES;
				INFOPLIST_KEY_UISupportedInterfaceOrientations_iPad = "UIInterfaceOrientationPortrait UIInterfaceOrientationPortraitUpsideDown UIInterfaceOrientationLandscapeLeft UIInterfaceOrientationLandscapeRight";
				INFOPLIST_KEY_UISupportedInterfaceOrientations_iPhone = "UIInterfaceOrientationPortrait UIInterfaceOrientationLandscapeLeft UIInterfaceOrientationLandscapeRight";
				LD_RUNPATH_SEARCH_PATHS = (
					"$(inherited)",
					"@executable_path/Frameworks",
				);
				MARKETING_VERSION = 1.0;
				PRODUCT_BUNDLE_IDENTIFIER = com.iwasyourtomb.heroes;
				PRODUCT_NAME = "$(TARGET_NAME)";
				SWIFT_EMIT_LOC_STRINGS = YES;
				SWIFT_VERSION = 5.0;
				TARGETED_DEVICE_FAMILY = "1,2";
			};
			name = Release;
		};
/* End XCBuildConfiguration section */

/* Begin XCConfigurationList section */
		B13A3E8E28D9B97B00FCB046 /* Build configuration list for PBXProject "heroes" */ = {
			isa = XCConfigurationList;
			buildConfigurations = (
				B13A3E9F28D9B97E00FCB046 /* Debug */,
				B13A3EA028D9B97E00FCB046 /* Release */,
			);
			defaultConfigurationIsVisible = 0;
			defaultConfigurationName = Release;
		};
		B13A3EA128D9B97E00FCB046 /* Build configuration list for PBXNativeTarget "heroes" */ = {
			isa = XCConfigurationList;
			buildConfigurations = (
				B13A3EA228D9B97E00FCB046 /* Debug */,
				B13A3EA328D9B97E00FCB046 /* Release */,
			);
			defaultConfigurationIsVisible = 0;
			defaultConfigurationName = Release;
		};
/* End XCConfigurationList section */
	};
	rootObject = B13A3E8B28D9B97B00FCB046 /* Project object */;
}
